
Microsoft Visual Studio Solution File, Format Version 12.00
# Visual Studio 15
VisualStudioVersion = 15.0.28307.779
MinimumVisualStudioVersion = 10.0.40219.1
Project("{FAE04EC0-301F-11D3-BF4B-00C04F79EFBC}") = "XamarinEssentials", "XamarinEssentials\XamarinEssentials.csproj", "{98678691-5810-4E26-BE86-501C16C85B8A}"
EndProject
Global
	GlobalSection(SolutionConfigurationPlatforms) = preSolution
		Debug|Any CPU = Debug|Any CPU
		Release|Any CPU = Release|Any CPU
	EndGlobalSection
	GlobalSection(ProjectConfigurationPlatforms) = postSolution
		{98678691-5810-4E26-BE86-501C16C85B8A}.Debug|Any CPU.ActiveCfg = Debug|Any CPU
		{98678691-5810-4E26-BE86-501C16C85B8A}.Debug|Any CPU.Build.0 = Debug|Any CPU
		{98678691-5810-4E26-BE86-501C16C85B8A}.Debug|Any CPU.Deploy.0 = Debug|Any CPU
		{98678691-5810-4E26-BE86-501C16C85B8A}.Release|Any CPU.ActiveCfg = Release|Any CPU
		{98678691-5810-4E26-BE86-501C16C85B8A}.Release|Any CPU.Build.0 = Release|Any CPU
		{98678691-5810-4E26-BE86-501C16C85B8A}.Release|Any CPU.Deploy.0 = Release|Any CPU
	EndGlobalSection
	GlobalSection(SolutionProperties) = preSolution
		HideSolutionNode = FALSE
	EndGlobalSection
	GlobalSection(ExtensibilityGlobals) = postSolution
		SolutionGuid = {5B559F2B-5AF7-4410-89E0-653C51A89E82}
	EndGlobalSection
EndGlobal
