
Microsoft Visual Studio Solution File, Format Version 12.00
# Visual Studio 15
VisualStudioVersion = 15.0.28307.779
MinimumVisualStudioVersion = 10.0.40219.1
Project("{FAE04EC0-301F-11D3-BF4B-00C04F79EFBC}") = "Varvid", "Varvid\Varvid.csproj", "{4525A4FB-4105-4715-A7D1-57A185BCAB22}"
EndProject
Global
	GlobalSection(SolutionConfigurationPlatforms) = preSolution
		Debug|Any CPU = Debug|Any CPU
		Release|Any CPU = Release|Any CPU
	EndGlobalSection
	GlobalSection(ProjectConfigurationPlatforms) = postSolution
		{4525A4FB-4105-4715-A7D1-57A185BCAB22}.Debug|Any CPU.ActiveCfg = Debug|Any CPU
		{4525A4FB-4105-4715-A7D1-57A185BCAB22}.Debug|Any CPU.Build.0 = Debug|Any CPU
		{4525A4FB-4105-4715-A7D1-57A185BCAB22}.Debug|Any CPU.Deploy.0 = Debug|Any CPU
		{4525A4FB-4105-4715-A7D1-57A185BCAB22}.Release|Any CPU.ActiveCfg = Release|Any CPU
		{4525A4FB-4105-4715-A7D1-57A185BCAB22}.Release|Any CPU.Build.0 = Release|Any CPU
		{4525A4FB-4105-4715-A7D1-57A185BCAB22}.Release|Any CPU.Deploy.0 = Release|Any CPU
	EndGlobalSection
	GlobalSection(SolutionProperties) = preSolution
		HideSolutionNode = FALSE
	EndGlobalSection
	GlobalSection(ExtensibilityGlobals) = postSolution
		SolutionGuid = {5F38E684-DE17-463E-BF61-A5C64D8C8D39}
	EndGlobalSection
EndGlobal
